
Microsoft Visual Studio Solution File, Format Version 12.00
# Visual Studio Version 17
VisualStudioVersion = 17.11.35208.52
MinimumVisualStudioVersion = 10.0.40219.1
Project("{9A19103F-16F7-4668-BE54-9A1E7A4F7556}") = "Exercises-Conditions-Loops", "Exercises-Conditions-Loops.csproj", "{6F8B2987-5615-4302-BD0F-56550133A1EA}"
EndProject
Project("{9A19103F-16F7-4668-BE54-9A1E7A4F7556}") = "FileManage", "..\FileManage\FileManage.csproj", "{79705FA5-E0E6-4F7B-A06A-1C5B41535D08}"
EndProject
Project("{9A19103F-16F7-4668-BE54-9A1E7A4F7556}") = "Enum", "..\Enum\Enum.csproj", "{ADA87C97-A5F2-4B1E-80A5-8CE736F187DF}"
EndProject
Project("{FAE04EC0-301F-11D3-BF4B-00C04F79EFBC}") = "Value-types-vs-Reference", "..\Value-types-vs-Reference\Value-types-vs-Reference.csproj", "{962B1D84-6451-45F8-AD78-8A24DB006D6F}"
EndProject
Global
	GlobalSection(SolutionConfigurationPlatforms) = preSolution
		Debug|Any CPU = Debug|Any CPU
		Release|Any CPU = Release|Any CPU
	EndGlobalSection
	GlobalSection(ProjectConfigurationPlatforms) = postSolution
		{6F8B2987-5615-4302-BD0F-56550133A1EA}.Debug|Any CPU.ActiveCfg = Debug|Any CPU
		{6F8B2987-5615-4302-BD0F-56550133A1EA}.Debug|Any CPU.Build.0 = Debug|Any CPU
		{6F8B2987-5615-4302-BD0F-56550133A1EA}.Release|Any CPU.ActiveCfg = Release|Any CPU
		{6F8B2987-5615-4302-BD0F-56550133A1EA}.Release|Any CPU.Build.0 = Release|Any CPU
		{79705FA5-E0E6-4F7B-A06A-1C5B41535D08}.Debug|Any CPU.ActiveCfg = Debug|Any CPU
		{79705FA5-E0E6-4F7B-A06A-1C5B41535D08}.Debug|Any CPU.Build.0 = Debug|Any CPU
		{79705FA5-E0E6-4F7B-A06A-1C5B41535D08}.Release|Any CPU.ActiveCfg = Release|Any CPU
		{79705FA5-E0E6-4F7B-A06A-1C5B41535D08}.Release|Any CPU.Build.0 = Release|Any CPU
		{ADA87C97-A5F2-4B1E-80A5-8CE736F187DF}.Debug|Any CPU.ActiveCfg = Debug|Any CPU
		{ADA87C97-A5F2-4B1E-80A5-8CE736F187DF}.Debug|Any CPU.Build.0 = Debug|Any CPU
		{ADA87C97-A5F2-4B1E-80A5-8CE736F187DF}.Release|Any CPU.ActiveCfg = Release|Any CPU
		{ADA87C97-A5F2-4B1E-80A5-8CE736F187DF}.Release|Any CPU.Build.0 = Release|Any CPU
		{962B1D84-6451-45F8-AD78-8A24DB006D6F}.Debug|Any CPU.ActiveCfg = Debug|Any CPU
		{962B1D84-6451-45F8-AD78-8A24DB006D6F}.Debug|Any CPU.Build.0 = Debug|Any CPU
		{962B1D84-6451-45F8-AD78-8A24DB006D6F}.Release|Any CPU.ActiveCfg = Release|Any CPU
		{962B1D84-6451-45F8-AD78-8A24DB006D6F}.Release|Any CPU.Build.0 = Release|Any CPU
	EndGlobalSection
	GlobalSection(SolutionProperties) = preSolution
		HideSolutionNode = FALSE
	EndGlobalSection
	GlobalSection(ExtensibilityGlobals) = postSolution
		SolutionGuid = {5B6FF634-BCFE-4727-84B3-1C91E7D5FE40}
	EndGlobalSection
EndGlobal
